
Microsoft Visual Studio Solution File, Format Version 12.00
# Visual Studio Version 17
VisualStudioVersion = 17.5.33424.131
MinimumVisualStudioVersion = 10.0.40219.1
Project("{FAE04EC0-301F-11D3-BF4B-00C04F79EFBC}") = "RestWithASPNETUdemy", "RestWithASPNETUdemy\RestWithASPNETUdemy.csproj", "{D86CFEFA-ED3D-4EB7-A4D5-C2E2EA59643B}"
EndProject
Global
	GlobalSection(SolutionConfigurationPlatforms) = preSolution
		Debug|Any CPU = Debug|Any CPU
		Release|Any CPU = Release|Any CPU
	EndGlobalSection
	GlobalSection(ProjectConfigurationPlatforms) = postSolution
		{D86CFEFA-ED3D-4EB7-A4D5-C2E2EA59643B}.Debug|Any CPU.ActiveCfg = Debug|Any CPU
		{D86CFEFA-ED3D-4EB7-A4D5-C2E2EA59643B}.Debug|Any CPU.Build.0 = Debug|Any CPU
		{D86CFEFA-ED3D-4EB7-A4D5-C2E2EA59643B}.Release|Any CPU.ActiveCfg = Release|Any CPU
		{D86CFEFA-ED3D-4EB7-A4D5-C2E2EA59643B}.Release|Any CPU.Build.0 = Release|Any CPU
	EndGlobalSection
	GlobalSection(SolutionProperties) = preSolution
		HideSolutionNode = FALSE
	EndGlobalSection
	GlobalSection(ExtensibilityGlobals) = postSolution
		SolutionGuid = {EDEB2140-6176-42D5-931F-02A99E5E01C8}
	EndGlobalSection
EndGlobal
